{
  "name": "sidecar-build",
  "version": "1.0.0",
  "lockfileVersion": 3,
  "requires": true,
  "packages": {
    "": {
      "name": "sidecar-build",
      "version": "1.0.0",
      "license": "ISC",
      "dependencies": {
        "@playwright/mcp": "^0.0.47"
      }
    },
    "node_modules/@playwright/mcp": {
      "version": "0.0.47",
      "resolved": "https://nexus.jobsoeasy.cn/repository/npm-public/@playwright/mcp/-/mcp-0.0.47.tgz",
      "integrity": "sha512-XFSa5TNJjoDkCYtyJHCTYgP/Z9Rf1jzf7CfqvZVECcouvHWWH5vxCzhfAZB0VnJYjyqy+jnViGsij3u2yb3AOA==",
      "license": "Apache-2.0",
      "dependencies": {
        "playwright": "1.57.0-alpha-2025-11-14",
        "playwright-core": "1.57.0-alpha-2025-11-14"
      },
      "bin": {
        "mcp-server-playwright": "cli.js"
      },
      "engines": {
        "node": ">=18"
      }
    },
    "node_modules/fsevents": {
      "version": "2.3.2",
      "resolved": "https://nexus.jobsoeasy.cn/repository/npm-public/fsevents/-/fsevents-2.3.2.tgz",
      "integrity": "sha512-xiqMQR4xAeHTuB9uWm+fFRcIOgKBMiOBP+eXiyT7jsgVCq1bkVygt00oASowB7EdtpOHaaPgKt812P9ab+DDKA==",
      "hasInstallScript": true,
      "license": "MIT",
      "optional": true,
      "os": [
        "darwin"
      ],
      "engines": {
        "node": "^8.16.0 || ^10.6.0 || >=11.0.0"
      }
    },
    "node_modules/playwright": {
      "version": "1.57.0-alpha-2025-11-14",
      "resolved": "https://nexus.jobsoeasy.cn/repository/npm-public/playwright/-/playwright-1.57.0-alpha-2025-11-14.tgz",
      "integrity": "sha512-B91cAwJw+dlsPi6GnJD6bAUfso/ygmrxsXHnbFqOd5UmGo8bZzFf7WvSkB/47lOSYIP+9szVXwMwIsZ4Fj+rAQ==",
      "license": "Apache-2.0",
      "dependencies": {
        "playwright-core": "1.57.0-alpha-2025-11-14"
      },
      "bin": {
        "playwright": "cli.js"
      },
      "engines": {
        "node": ">=18"
      },
      "optionalDependencies": {
        "fsevents": "2.3.2"
      }
    },
    "node_modules/playwright-core": {
      "version": "1.57.0-alpha-2025-11-14",
      "resolved": "https://nexus.jobsoeasy.cn/repository/npm-public/playwright-core/-/playwright-core-1.57.0-alpha-2025-11-14.tgz",
      "integrity": "sha512-Elz1kUiW8naXjunmfgaYh9inaqxT04FjR/CDOi2IH7ZBDTov6tTcNV4bObNeHSBV76YVPHsRK/96v3kG9F+5sQ==",
      "license": "Apache-2.0",
      "bin": {
        "playwright-core": "cli.js"
      },
      "engines": {
        "node": ">=18"
      }
    }
  }
}
